{
    "_meta": {
        "hash": {
            "sha256": "503aca8ed69364f68a08437de81d991a8f13e099f4925209391ebea0422504e8"
        },
        "pipfile-spec": 6,
        "requires": {
            "python_version": "3.8"
        },
        "sources": [
            {
                "name": "pypi",
                "url": "https://pypi.org/simple",
                "verify_ssl": true
            }
        ]
    },
    "default": {
        "ago": {
            "hashes": [
                "sha256:9d1956edd8103c266d968ae2a7eaf2f23470b6384e655aaaf54d1158408178ad"
            ],
            "index": "pypi",
            "version": "==0.0.93"
        },
        "aiohttp": {
            "hashes": [
                "sha256:02f46fc0e3c5ac58b80d4d56eb0a7c7d97fcef69ace9326289fb9f1955e65cfe",
                "sha256:0563c1b3826945eecd62186f3f5c7d31abb7391fedc893b7e2b26303b5a9f3fe",
                "sha256:114b281e4d68302a324dd33abb04778e8557d88947875cbf4e842c2c01a030c5",
                "sha256:14762875b22d0055f05d12abc7f7d61d5fd4fe4642ce1a249abdf8c700bf1fd8",
                "sha256:15492a6368d985b76a2a5fdd2166cddfea5d24e69eefed4630cbaae5c81d89bd",
                "sha256:17c073de315745a1510393a96e680d20af8e67e324f70b42accbd4cb3315c9fb",
                "sha256:209b4a8ee987eccc91e2bd3ac36adee0e53a5970b8ac52c273f7f8fd4872c94c",
                "sha256:230a8f7e24298dea47659251abc0fd8b3c4e38a664c59d4b89cca7f6c09c9e87",
                "sha256:2e19413bf84934d651344783c9f5e22dee452e251cfd220ebadbed2d9931dbf0",
                "sha256:393f389841e8f2dfc86f774ad22f00923fdee66d238af89b70ea314c4aefd290",
                "sha256:3cf75f7cdc2397ed4442594b935a11ed5569961333d49b7539ea741be2cc79d5",
                "sha256:3d78619672183be860b96ed96f533046ec97ca067fd46ac1f6a09cd9b7484287",
                "sha256:40eced07f07a9e60e825554a31f923e8d3997cfc7fb31dbc1328c70826e04cde",
                "sha256:493d3299ebe5f5a7c66b9819eacdcfbbaaf1a8e84911ddffcdc48888497afecf",
                "sha256:4b302b45040890cea949ad092479e01ba25911a15e648429c7c5aae9650c67a8",
                "sha256:515dfef7f869a0feb2afee66b957cc7bbe9ad0cdee45aec7fdc623f4ecd4fb16",
                "sha256:547da6cacac20666422d4882cfcd51298d45f7ccb60a04ec27424d2f36ba3eaf",
                "sha256:5df68496d19f849921f05f14f31bd6ef53ad4b00245da3195048c69934521809",
                "sha256:64322071e046020e8797117b3658b9c2f80e3267daec409b350b6a7a05041213",
                "sha256:7615dab56bb07bff74bc865307aeb89a8bfd9941d2ef9d817b9436da3a0ea54f",
                "sha256:79ebfc238612123a713a457d92afb4096e2148be17df6c50fb9bf7a81c2f8013",
                "sha256:7b18b97cf8ee5452fa5f4e3af95d01d84d86d32c5e2bfa260cf041749d66360b",
                "sha256:932bb1ea39a54e9ea27fc9232163059a0b8855256f4052e776357ad9add6f1c9",
                "sha256:a00bb73540af068ca7390e636c01cbc4f644961896fa9363154ff43fd37af2f5",
                "sha256:a5ca29ee66f8343ed336816c553e82d6cade48a3ad702b9ffa6125d187e2dedb",
                "sha256:af9aa9ef5ba1fd5b8c948bb11f44891968ab30356d65fd0cc6707d989cd521df",
                "sha256:bb437315738aa441251214dad17428cafda9cdc9729499f1d6001748e1d432f4",
                "sha256:bdb230b4943891321e06fc7def63c7aace16095be7d9cf3b1e01be2f10fba439",
                "sha256:c6e9dcb4cb338d91a73f178d866d051efe7c62a7166653a91e7d9fb18274058f",
                "sha256:cffe3ab27871bc3ea47df5d8f7013945712c46a3cc5a95b6bee15887f1675c22",
                "sha256:d012ad7911653a906425d8473a1465caa9f8dea7fcf07b6d870397b774ea7c0f",
                "sha256:d9e13b33afd39ddeb377eff2c1c4f00544e191e1d1dee5b6c51ddee8ea6f0cf5",
                "sha256:e4b2b334e68b18ac9817d828ba44d8fcb391f6acb398bcc5062b14b2cbeac970",
                "sha256:e54962802d4b8b18b6207d4a927032826af39395a3bd9196a5af43fc4e60b009",
                "sha256:f705e12750171c0ab4ef2a3c76b9a4024a62c4103e3a55dd6f99265b9bc6fcfc",
                "sha256:f881853d2643a29e643609da57b96d5f9c9b93f62429dcc1cbb413c7d07f0e1a",
                "sha256:fe60131d21b31fd1a14bd43e6bb88256f69dfc3188b3a89d736d6c71ed43ec95"
            ],
            "version": "==3.7.4.post0"
        },
        "appdirs": {
            "hashes": [
                "sha256:7d5d0167b2b1ba821647616af46a749d1c653740dd0d2415100fe26e27afdf41",
                "sha256:a841dacd6b99318a741b166adb07e19ee71a274450e68237b4650ca1055ab128"
            ],
            "version": "==1.4.4"
        },
        "astunparse": {
            "hashes": [
                "sha256:5ad93a8456f0d084c3456d059fd9a92cce667963232cbf763eac3bc5b7940872",
                "sha256:c2652417f2c8b5bb325c885ae329bdf3f86424075c4fd1a128674bc6fba4b8e8"
            ],
            "version": "==1.6.3"
        },
        "async-timeout": {
            "hashes": [
                "sha256:0c3c816a028d47f659d6ff5c745cb2acf1f966da1fe5c19c77a70282b25f4c5f",
                "sha256:4291ca197d287d274d0b6cb5d6f8f8f82d434ed288f962539ff18cc9012f9ea3"
            ],
            "version": "==3.0.1"
        },
        "asyncio": {
            "hashes": [
                "sha256:83360ff8bc97980e4ff25c964c7bd3923d333d177aa4f7fb736b019f26c7cb41",
                "sha256:b62c9157d36187eca799c378e572c969f0da87cd5fc42ca372d92cdb06e7e1de",
                "sha256:c46a87b48213d7464f22d9a497b9eef8c1928b68320a2fa94240f969f6fec08c",
                "sha256:c4d18b22701821de07bd6aea8b53d21449ec0ec5680645e5317062ea21817d2d"
            ],
            "index": "pypi",
            "version": "==3.4.3"
        },
        "attrs": {
            "hashes": [
                "sha256:149e90d6d8ac20db7a955ad60cf0e6881a3f20d37096140088356da6c716b0b1",
                "sha256:ef6aaac3ca6cd92904cdd0d83f629a15f18053ec84e6432106f7a4d04ae4f5fb"
            ],
            "version": "==21.2.0"
        },
        "beautifulsoup4": {
            "hashes": [
                "sha256:4c98143716ef1cb40bf7f39a8e3eec8f8b009509e74904ba3a7b315431577e35",
                "sha256:84729e322ad1d5b4d25f805bfa05b902dd96450f43842c4e99067d5e1369eb25",
                "sha256:fff47e031e34ec82bf17e00da8f592fe7de69aeea38be00523c04623c04fb666"
            ],
            "version": "==4.9.3"
        },
        "braceexpand": {
            "hashes": [
                "sha256:91332d53de7828103dcae5773fb43bc34950b0c8160e35e0f44c4427a3b85014",
                "sha256:e6e539bd20eaea53547472ff94f4fb5c3d3bf9d0a89388c4b56663aba765f705"
            ],
            "version": "==0.1.7"
        },
        "bs4": {
            "hashes": [
                "sha256:36ecea1fd7cc5c0c6e4a1ff075df26d50da647b75376626cc186e2212886dd3a"
            ],
            "index": "pypi",
            "version": "==0.0.1"
        },
        "certifi": {
            "hashes": [
                "sha256:2bbf76fd432960138b3ef6dda3dde0544f27cbf8546c458e60baf371917ba9ee",
                "sha256:50b1e4f8446b06f41be7dd6338db18e0990601dce795c2b1686458aa7e8fa7d8"
            ],
            "version": "==2021.5.30"
        },
        "chardet": {
            "hashes": [
                "sha256:0d6f53a15db4120f2b08c94f11e7d93d2c911ee118b6b30a04ec3ee8310179fa",
                "sha256:f864054d66fd9118f2e67044ac8981a54775ec5b67aed0441892edb553d21da5"
            ],
            "version": "==4.0.0"
        },
        "discord": {
            "hashes": [
                "sha256:9d4debb4a37845543bd4b92cb195bc53a302797333e768e70344222857ff1559",
                "sha256:ff6653655e342e7721dfb3f10421345fd852c2a33f2cca912b1c39b3778a9429"
            ],
            "index": "pypi",
            "version": "==1.0.1"
        },
        "discord-ext-menus": {
            "git": "https://github.com/Rapptz/discord-ext-menus",
            "ref": "84caae8038d0d3adc860957ccef05baeec2e2dd8"
        },
        "discord.py": {
            "hashes": [
                "sha256:114e76cd27362fb919abf7f001a2dbdc77c9a67cff74ed6a89aecd6582ee298e",
                "sha256:f179db299c949a8cf0a12c1b1b94d0da9a18e088857154d93ae5ab1d807ec61d"
            ],
            "version": "==1.7.2"
        },
        "dnspython": {
            "hashes": [
                "sha256:044af09374469c3a39eeea1a146e8cac27daec951f1f1f157b1962fc7cb9d1b7",
                "sha256:40bb3c24b9d4ec12500f0124288a65df232a3aa749bb0c39734b782873a2544d"
            ],
            "index": "pypi",
            "version": "==2.0.0"
        },
        "filelock": {
            "hashes": [
                "sha256:18d82244ee114f543149c66a6e0c14e9c4f8a1044b5cdaadd0f82159d6a6ff59",
                "sha256:929b7d63ec5b7d6b71b0fa5ac14e030b3f70b75747cef1b10da9b879fef15836"
            ],
            "version": "==3.0.12"
        },
        "humanize": {
            "hashes": [
                "sha256:6d9bee57f856418302b5d11d7229bc401882d800962a19fd6dcdd83672cb15e6",
                "sha256:a31704cf41f023e268032c4813c6482573320150a0d986f76b245e0451bb89e1"
            ],
            "version": "==3.6.0"
        },
        "idna": {
            "hashes": [
                "sha256:b307872f855b18632ce0c21c5e45be78c0ea7ae4c15c828c20788b26921eb3f6",
                "sha256:b97d804b1e9b523befed77c48dacec60e6dcb0b5391d57af6a65a312a90648c0"
            ],
            "version": "==2.10"
        },
        "import-expression": {
            "hashes": [
                "sha256:06086a6ab3bfa528b1c478e633d6adf2b3a990e31440f6401b0f3ea12b0659a9",
                "sha256:292099910a4dcc65ba562377cd2265487ba573dd63d73bdee5deec36ca49555b"
            ],
            "version": "==1.1.4"
        },
        "jikanpy": {
            "hashes": [
                "sha256:4260679bae945b879ca4ce5441a3e7e5593485dcd519f09c5258760ddb8a995f",
                "sha256:8775ad98091677ab57bd91c83139d865ba776c46849c6924efc99051c9cda6ca"
            ],
            "index": "pypi",
            "version": "==4.2.2"
        },
        "jishaku": {
            "hashes": [
                "sha256:4a6bf3e43249c1ddd09424feeb27f6d6b4fcda72abf87aad75df326beb999ba8",
                "sha256:6abb2cb5e26cd453f9ada4e6fc99b7f26c79f55cc2677db267cc69143bb04eac"
            ],
            "index": "pypi",
            "version": "==1.19.2.202"
        },
        "motor": {
            "hashes": [
                "sha256:428d94750123d19fcd0a89b8671ff9b4656f205217bad9f44161748c64c5fc80",
                "sha256:f1692b760d834707e3477996ce8d407af8cd61c1a2abedbf81c22ef14675e61a"
            ],
            "index": "pypi",
            "version": "==2.3.0"
        },
        "multidict": {
            "hashes": [
                "sha256:018132dbd8688c7a69ad89c4a3f39ea2f9f33302ebe567a879da8f4ca73f0d0a",
                "sha256:051012ccee979b2b06be928a6150d237aec75dd6bf2d1eeeb190baf2b05abc93",
                "sha256:05c20b68e512166fddba59a918773ba002fdd77800cad9f55b59790030bab632",
                "sha256:07b42215124aedecc6083f1ce6b7e5ec5b50047afa701f3442054373a6deb656",
                "sha256:0e3c84e6c67eba89c2dbcee08504ba8644ab4284863452450520dad8f1e89b79",
                "sha256:0e929169f9c090dae0646a011c8b058e5e5fb391466016b39d21745b48817fd7",
                "sha256:1ab820665e67373de5802acae069a6a05567ae234ddb129f31d290fc3d1aa56d",
                "sha256:25b4e5f22d3a37ddf3effc0710ba692cfc792c2b9edfb9c05aefe823256e84d5",
                "sha256:2e68965192c4ea61fff1b81c14ff712fc7dc15d2bd120602e4a3494ea6584224",
                "sha256:2f1a132f1c88724674271d636e6b7351477c27722f2ed789f719f9e3545a3d26",
                "sha256:37e5438e1c78931df5d3c0c78ae049092877e5e9c02dd1ff5abb9cf27a5914ea",
                "sha256:3a041b76d13706b7fff23b9fc83117c7b8fe8d5fe9e6be45eee72b9baa75f348",
                "sha256:3a4f32116f8f72ecf2a29dabfb27b23ab7cdc0ba807e8459e59a93a9be9506f6",
                "sha256:46c73e09ad374a6d876c599f2328161bcd95e280f84d2060cf57991dec5cfe76",
                "sha256:46dd362c2f045095c920162e9307de5ffd0a1bfbba0a6e990b344366f55a30c1",
                "sha256:4b186eb7d6ae7c06eb4392411189469e6a820da81447f46c0072a41c748ab73f",
                "sha256:54fd1e83a184e19c598d5e70ba508196fd0bbdd676ce159feb412a4a6664f952",
                "sha256:585fd452dd7782130d112f7ddf3473ffdd521414674c33876187e101b588738a",
                "sha256:5cf3443199b83ed9e955f511b5b241fd3ae004e3cb81c58ec10f4fe47c7dce37",
                "sha256:6a4d5ce640e37b0efcc8441caeea8f43a06addace2335bd11151bc02d2ee31f9",
                "sha256:7df80d07818b385f3129180369079bd6934cf70469f99daaebfac89dca288359",
                "sha256:806068d4f86cb06af37cd65821554f98240a19ce646d3cd24e1c33587f313eb8",
                "sha256:830f57206cc96ed0ccf68304141fec9481a096c4d2e2831f311bde1c404401da",
                "sha256:929006d3c2d923788ba153ad0de8ed2e5ed39fdbe8e7be21e2f22ed06c6783d3",
                "sha256:9436dc58c123f07b230383083855593550c4d301d2532045a17ccf6eca505f6d",
                "sha256:9dd6e9b1a913d096ac95d0399bd737e00f2af1e1594a787e00f7975778c8b2bf",
                "sha256:ace010325c787c378afd7f7c1ac66b26313b3344628652eacd149bdd23c68841",
                "sha256:b47a43177a5e65b771b80db71e7be76c0ba23cc8aa73eeeb089ed5219cdbe27d",
                "sha256:b797515be8743b771aa868f83563f789bbd4b236659ba52243b735d80b29ed93",
                "sha256:b7993704f1a4b204e71debe6095150d43b2ee6150fa4f44d6d966ec356a8d61f",
                "sha256:d5c65bdf4484872c4af3150aeebe101ba560dcfb34488d9a8ff8dbcd21079647",
                "sha256:d81eddcb12d608cc08081fa88d046c78afb1bf8107e6feab5d43503fea74a635",
                "sha256:dc862056f76443a0db4509116c5cd480fe1b6a2d45512a653f9a855cc0517456",
                "sha256:ecc771ab628ea281517e24fd2c52e8f31c41e66652d07599ad8818abaad38cda",
                "sha256:f200755768dc19c6f4e2b672421e0ebb3dd54c38d5a4f262b872d8cfcc9e93b5",
                "sha256:f21756997ad8ef815d8ef3d34edd98804ab5ea337feedcd62fb52d22bf531281",
                "sha256:fc13a9524bc18b6fb6e0dbec3533ba0496bbed167c56d0aabefd965584557d80"
            ],
            "version": "==5.1.0"
        },
        "pymongo": {
            "hashes": [
                "sha256:03dc64a9aa7a5d405aea5c56db95835f6a2fa31b3502c5af1760e0e99210be30",
                "sha256:05fcc6f9c60e6efe5219fbb5a30258adb3d3e5cbd317068f3d73c09727f2abb6",
                "sha256:076a7f2f7c251635cf6116ac8e45eefac77758ee5a77ab7bd2f63999e957613b",
                "sha256:137e6fa718c7eff270dbd2fc4b90d94b1a69c9e9eb3f3de9e850a7fd33c822dc",
                "sha256:1f865b1d1c191d785106f54df9abdc7d2f45a946b45fd1ea0a641b4f982a2a77",
                "sha256:213c445fe7e654621c6309e874627c35354b46ef3ee807f5a1927dc4b30e1a67",
                "sha256:25e617daf47d8dfd4e152c880cd0741cbdb48e51f54b8de9ddbfe74ecd87dd16",
                "sha256:3d9bb1ba935a90ec4809a8031efd988bdb13cdba05d9e9a3e9bf151bf759ecde",
                "sha256:40696a9a53faa7d85aaa6fd7bef1cae08f7882640bad08c350fb59dee7ad069b",
                "sha256:421aa1b92c291c429668bd8d8d8ec2bd00f183483a756928e3afbf2b6f941f00",
                "sha256:4437300eb3a5e9cc1a73b07d22c77302f872f339caca97e9bf8cf45eca8fa0d2",
                "sha256:455f4deb00158d5ec8b1d3092df6abb681b225774ab8a59b3510293b4c8530e3",
                "sha256:475a34a0745c456ceffaec4ce86b7e0983478f1b6140890dff7b161e7bcd895b",
                "sha256:4797c0080f41eba90404335e5ded3aa66731d303293a675ff097ce4ea3025bb9",
                "sha256:4ae23fbbe9eadf61279a26eba866bbf161a6f7e2ffad14a42cf20e9cb8e94166",
                "sha256:4b32744901ee9990aa8cd488ec85634f443526def1e5190a407dc107148249d7",
                "sha256:50127b13b38e8e586d5e97d342689405edbd74ad0bd891d97ee126a8c7b6e45f",
                "sha256:50531caa7b4be1c4ed5e2d5793a4e51cc9bd62a919a6fd3299ef7c902e206eab",
                "sha256:68220b81850de8e966d4667d5c325a96c6ac0d6adb3d18935d6e3d325d441f48",
                "sha256:689142dc0c150e9cb7c012d84cac2c346d40beb891323afb6caf18ec4caafae0",
                "sha256:6a15e2bee5c4188369a87ed6f02de804651152634a46cca91966a11c8abd2550",
                "sha256:7122ffe597b531fb065d3314e704a6fe152b81820ca5f38543e70ffcc95ecfd4",
                "sha256:7307024b18266b302f4265da84bb1effb5d18999ef35b30d17592959568d5c0a",
                "sha256:7a4a6f5b818988a3917ec4baa91d1143242bdfece8d38305020463955961266a",
                "sha256:83c5a3ecd96a9f3f11cfe6dfcbcec7323265340eb24cc996acaecea129865a3a",
                "sha256:890b0f1e18dbd898aeb0ab9eae1ab159c6bcbe87f0abb065b0044581d8614062",
                "sha256:8deda1f7b4c03242f2a8037706d9584e703f3d8c74d6d9cac5833db36fe16c42",
                "sha256:8ea13d0348b4c96b437d944d7068d59ed4a6c98aaa6c40d8537a2981313f1c66",
                "sha256:91e96bf85b7c07c827d339a386e8a3cf2e90ef098c42595227f729922d0851df",
                "sha256:96782ebb3c9e91e174c333208b272ea144ed2a684413afb1038e3b3342230d72",
                "sha256:9755c726aa6788f076114dfdc03b92b03ff8860316cca00902cce88bcdb5fedd",
                "sha256:9dbab90c348c512e03f146e93a5e2610acec76df391043ecd46b6b775d5397e6",
                "sha256:9ee0eef254e340cc11c379f797af3977992a7f2c176f1a658740c94bf677e13c",
                "sha256:9fc17fdac8f1973850d42e51e8ba6149d93b1993ed6768a24f352f926dd3d587",
                "sha256:a2787319dc69854acdfd6452e6a8ba8f929aeb20843c7f090e04159fc18e6245",
                "sha256:b7c522292407fa04d8195032493aac937e253ad9ae524aab43b9d9d242571f03",
                "sha256:bd312794f51e37dcf77f013d40650fe4fbb211dd55ef2863839c37480bd44369",
                "sha256:c0d660a186e36c526366edf8a64391874fe53cf8b7039224137aee0163c046df",
                "sha256:c4869141e20769b65d2d72686e7a7eb141ce9f3168106bed3e7dcced54eb2422",
                "sha256:cc4057f692ac35bbe82a0a908d42ce3a281c9e913290fac37d7fa3bd01307dfb",
                "sha256:cccf1e7806f12300e3a3b48f219e111000c2538483e85c869c35c1ae591e6ce9",
                "sha256:ce208f80f398522e49d9db789065c8ad2cd37b21bd6b23d30053474b7416af11",
                "sha256:d0565481dc196986c484a7fb13214fc6402201f7fb55c65fd215b3324962fe6c",
                "sha256:d1b3366329c45a474b3bbc9b9c95d4c686e03f35da7fd12bc144626d1f2a7c04",
                "sha256:d226e0d4b9192d95079a9a29c04dd81816b1ce8903b8c174a39224fe978547cb",
                "sha256:d38b35f6eef4237b1d0d8e845fc1546dad85c55eba447e28c211da8c7ef9697c",
                "sha256:d64c98277ea80e4484f1332ab107e8dfd173a7dcf1bdbf10a9cccc97aaab145f",
                "sha256:d9de8427a5601799784eb0e7fa1b031aa64086ce04de29df775a8ca37eedac41",
                "sha256:e6a15cf8f887d9f578dd49c6fb3a99d53e1d922fdd67a245a67488d77bf56eb2",
                "sha256:e8c446882cbb3774cd78c738c9f58220606b702b7c1655f1423357dc51674054",
                "sha256:e8d188ee39bd0ffe76603da887706e4e7b471f613625899ddf1e27867dc6a0d3",
                "sha256:ef76535776c0708a85258f6dc51d36a2df12633c735f6d197ed7dfcaa7449b99",
                "sha256:f6efca006a81e1197b925a7d7b16b8f61980697bb6746587aad8842865233218"
            ],
            "index": "pypi",
            "version": "==3.11.0"
        },
        "python-dotenv": {
            "hashes": [
                "sha256:8c10c99a1b25d9a68058a1ad6f90381a62ba68230ca93966882a4dbc3bc9c33d",
                "sha256:c10863aee750ad720f4f43436565e4c1698798d763b63234fb5021b6c616e423"
            ],
            "index": "pypi",
            "version": "==0.14.0"
        },
        "requests": {
            "hashes": [
                "sha256:27973dd4a904a4f13b263a19c866c13b92a39ed1c964655f025f3f8d3d75b804",
                "sha256:c210084e36a42ae6b9219e00e48287def368a26d03a048ddad7bfee44f75871e"
            ],
            "version": "==2.25.1"
        },
        "simplejson": {
            "hashes": [
                "sha256:034550078a11664d77bc1a8364c90bb7eef0e44c2dbb1fd0a4d92e3997088667",
                "sha256:05b43d568300c1cd43f95ff4bfcff984bc658aa001be91efb3bb21df9d6288d3",
                "sha256:0dd9d9c738cb008bfc0862c9b8fa6743495c03a0ed543884bf92fb7d30f8d043",
                "sha256:10fc250c3edea4abc15d930d77274ddb8df4803453dde7ad50c2f5565a18a4bb",
                "sha256:2862beabfb9097a745a961426fe7daf66e1714151da8bb9a0c430dde3d59c7c0",
                "sha256:292c2e3f53be314cc59853bd20a35bf1f965f3bc121e007ab6fd526ed412a85d",
                "sha256:2d3eab2c3fe52007d703a26f71cf649a8c771fcdd949a3ae73041ba6797cfcf8",
                "sha256:2e7b57c2c146f8e4dadf84977a83f7ee50da17c8861fd7faf694d55e3274784f",
                "sha256:311f5dc2af07361725033b13cc3d0351de3da8bede3397d45650784c3f21fbcf",
                "sha256:344e2d920a7f27b4023c087ab539877a1e39ce8e3e90b867e0bfa97829824748",
                "sha256:3fabde09af43e0cbdee407555383063f8b45bfb52c361bc5da83fcffdb4fd278",
                "sha256:42b8b8dd0799f78e067e2aaae97e60d58a8f63582939af60abce4c48631a0aa4",
                "sha256:4b3442249d5e3893b90cb9f72c7d6ce4d2ea144d2c0d9f75b9ae1e5460f3121a",
                "sha256:55d65f9cc1b733d85ef95ab11f559cce55c7649a2160da2ac7a078534da676c8",
                "sha256:5c659a0efc80aaaba57fcd878855c8534ecb655a28ac8508885c50648e6e659d",
                "sha256:72d8a3ffca19a901002d6b068cf746be85747571c6a7ba12cbcf427bfb4ed971",
                "sha256:75ecc79f26d99222a084fbdd1ce5aad3ac3a8bd535cd9059528452da38b68841",
                "sha256:76ac9605bf2f6d9b56abf6f9da9047a8782574ad3531c82eae774947ae99cc3f",
                "sha256:7d276f69bfc8c7ba6c717ba8deaf28f9d3c8450ff0aa8713f5a3280e232be16b",
                "sha256:7f10f8ba9c1b1430addc7dd385fc322e221559d3ae49b812aebf57470ce8de45",
                "sha256:8042040af86a494a23c189b5aa0ea9433769cc029707833f261a79c98e3375f9",
                "sha256:813846738277729d7db71b82176204abc7fdae2f566e2d9fcf874f9b6472e3e6",
                "sha256:845a14f6deb124a3bcb98a62def067a67462a000e0508f256f9c18eff5847efc",
                "sha256:869a183c8e44bc03be1b2bbcc9ec4338e37fa8557fc506bf6115887c1d3bb956",
                "sha256:8acf76443cfb5c949b6e781c154278c059b09ac717d2757a830c869ba000cf8d",
                "sha256:8f713ea65958ef40049b6c45c40c206ab363db9591ff5a49d89b448933fa5746",
                "sha256:934115642c8ba9659b402c8bdbdedb48651fb94b576e3b3efd1ccb079609b04a",
                "sha256:9551f23e09300a9a528f7af20e35c9f79686d46d646152a0c8fc41d2d074d9b0",
                "sha256:9a2b7543559f8a1c9ed72724b549d8cc3515da7daf3e79813a15bdc4a769de25",
                "sha256:a55c76254d7cf8d4494bc508e7abb993a82a192d0db4552421e5139235604625",
                "sha256:ad8f41c2357b73bc9e8606d2fa226233bf4d55d85a8982ecdfd55823a6959995",
                "sha256:af4868da7dd53296cd7630687161d53a7ebe2e63814234631445697bd7c29f46",
                "sha256:afebfc3dd3520d37056f641969ce320b071bc7a0800639c71877b90d053e087f",
                "sha256:b59aa298137ca74a744c1e6e22cfc0bf9dca3a2f41f51bc92eb05695155d905a",
                "sha256:bc00d1210567a4cdd215ac6e17dc00cb9893ee521cee701adfd0fa43f7c73139",
                "sha256:c1cb29b1fced01f97e6d5631c3edc2dadb424d1f4421dad079cb13fc97acb42f",
                "sha256:c94dc64b1a389a416fc4218cd4799aa3756f25940cae33530a4f7f2f54f166da",
                "sha256:ceaa28a5bce8a46a130cd223e895080e258a88d51bf6e8de2fc54a6ef7e38c34",
                "sha256:cff6453e25204d3369c47b97dd34783ca820611bd334779d22192da23784194b",
                "sha256:d0b64409df09edb4c365d95004775c988259efe9be39697d7315c42b7a5e7e94",
                "sha256:d4813b30cb62d3b63ccc60dd12f2121780c7a3068db692daeb90f989877aaf04",
                "sha256:da3c55cdc66cfc3fffb607db49a42448785ea2732f055ac1549b69dcb392663b",
                "sha256:e058c7656c44fb494a11443191e381355388443d543f6fc1a245d5d238544396",
                "sha256:fed0f22bf1313ff79c7fc318f7199d6c2f96d4de3234b2f12a1eab350e597c06",
                "sha256:ffd4e4877a78c84d693e491b223385e0271278f5f4e1476a4962dca6824ecfeb"
            ],
            "version": "==3.17.2"
        },
        "six": {
            "hashes": [
                "sha256:1e61c37477a1626458e36f7b1d82aa5c9b094fa4802892072e49de9c60c4c926",
                "sha256:8abb2f1d86890a2dfb989f9a77cfcfd3e47c2a354b01111771326f8aa26e0254"
            ],
            "version": "==1.16.0"
        },
        "soupsieve": {
            "hashes": [
                "sha256:052774848f448cf19c7e959adf5566904d525f33a3f8b6ba6f6f8f26ec7de0cc",
                "sha256:c2c1c2d44f158cdbddab7824a9af8c4f83c76b1e23e049479aa432feb6c4c23b"
            ],
            "markers": "python_version >= '3.0'",
            "version": "==2.2.1"
        },
        "typing-extensions": {
            "hashes": [
                "sha256:0ac0f89795dd19de6b97debb0c6af1c70987fd80a2d62d1958f7e56fcc31b497",
                "sha256:50b6f157849174217d0656f99dc82fe932884fb250826c18350e159ec6cdf342",
                "sha256:779383f6086d90c99ae41cf0ff39aac8a7937a9283ce0a414e5dd782f4c94a84"
            ],
            "version": "==3.10.0.0"
        },
        "uritools": {
            "hashes": [
                "sha256:28ffef82ce3b2793237d36e45aa7cde28dae6502f6a93fdbd05ede401520e279",
                "sha256:576737664f51f82d5c2a98e25f6c5da73a57cc88326dbb686fd6c5d06ebd6c29"
            ],
            "version": "==3.0.2"
        },
        "urlextract": {
            "hashes": [
                "sha256:5ad1c933bf9f066976a9f8d24f308aef6fe79688d0e4158cb516bd33576d42a8",
                "sha256:96b501544f6be1242903428573615d7ec9d79d640576a2b3a2d202d2ad782499"
            ],
            "index": "pypi",
            "version": "==1.1.0"
        },
        "urllib3": {
            "hashes": [
                "sha256:753a0374df26658f99d826cfe40394a686d05985786d946fbe4165b5148f5a7c",
                "sha256:a7acd0977125325f516bda9735fa7142b909a8d01e8b2e4c8108d0984e6e0098"
            ],
            "index": "pypi",
            "version": "==1.26.5"
        },
        "wheel": {
            "hashes": [
                "sha256:78b5b185f0e5763c26ca1e324373aadd49182ca90e825f7853f4b2509215dc0e",
                "sha256:e11eefd162658ea59a60a0f6c7d493a7190ea4b9a85e335b33489d9f17e0245e"
            ],
            "version": "==0.36.2"
        },
        "yarl": {
            "hashes": [
                "sha256:00d7ad91b6583602eb9c1d085a2cf281ada267e9a197e8b7cae487dadbfa293e",
                "sha256:0355a701b3998dcd832d0dc47cc5dedf3874f966ac7f870e0f3a6788d802d434",
                "sha256:15263c3b0b47968c1d90daa89f21fcc889bb4b1aac5555580d74565de6836366",
                "sha256:2ce4c621d21326a4a5500c25031e102af589edb50c09b321049e388b3934eec3",
                "sha256:31ede6e8c4329fb81c86706ba8f6bf661a924b53ba191b27aa5fcee5714d18ec",
                "sha256:324ba3d3c6fee56e2e0b0d09bf5c73824b9f08234339d2b788af65e60040c959",
                "sha256:329412812ecfc94a57cd37c9d547579510a9e83c516bc069470db5f75684629e",
                "sha256:4736eaee5626db8d9cda9eb5282028cc834e2aeb194e0d8b50217d707e98bb5c",
                "sha256:4953fb0b4fdb7e08b2f3b3be80a00d28c5c8a2056bb066169de00e6501b986b6",
                "sha256:4c5bcfc3ed226bf6419f7a33982fb4b8ec2e45785a0561eb99274ebbf09fdd6a",
                "sha256:547f7665ad50fa8563150ed079f8e805e63dd85def6674c97efd78eed6c224a6",
                "sha256:5b883e458058f8d6099e4420f0cc2567989032b5f34b271c0827de9f1079a424",
                "sha256:63f90b20ca654b3ecc7a8d62c03ffa46999595f0167d6450fa8383bab252987e",
                "sha256:68dc568889b1c13f1e4745c96b931cc94fdd0defe92a72c2b8ce01091b22e35f",
                "sha256:69ee97c71fee1f63d04c945f56d5d726483c4762845400a6795a3b75d56b6c50",
                "sha256:6d6283d8e0631b617edf0fd726353cb76630b83a089a40933043894e7f6721e2",
                "sha256:72a660bdd24497e3e84f5519e57a9ee9220b6f3ac4d45056961bf22838ce20cc",
                "sha256:73494d5b71099ae8cb8754f1df131c11d433b387efab7b51849e7e1e851f07a4",
                "sha256:7356644cbed76119d0b6bd32ffba704d30d747e0c217109d7979a7bc36c4d970",
                "sha256:8a9066529240171b68893d60dca86a763eae2139dd42f42106b03cf4b426bf10",
                "sha256:8aa3decd5e0e852dc68335abf5478a518b41bf2ab2f330fe44916399efedfae0",
                "sha256:97b5bdc450d63c3ba30a127d018b866ea94e65655efaf889ebeabc20f7d12406",
                "sha256:9ede61b0854e267fd565e7527e2f2eb3ef8858b301319be0604177690e1a3896",
                "sha256:b2e9a456c121e26d13c29251f8267541bd75e6a1ccf9e859179701c36a078643",
                "sha256:b5dfc9a40c198334f4f3f55880ecf910adebdcb2a0b9a9c23c9345faa9185721",
                "sha256:bafb450deef6861815ed579c7a6113a879a6ef58aed4c3a4be54400ae8871478",
                "sha256:c49ff66d479d38ab863c50f7bb27dee97c6627c5fe60697de15529da9c3de724",
                "sha256:ce3beb46a72d9f2190f9e1027886bfc513702d748047b548b05dab7dfb584d2e",
                "sha256:d26608cf178efb8faa5ff0f2d2e77c208f471c5a3709e577a7b3fd0445703ac8",
                "sha256:d597767fcd2c3dc49d6eea360c458b65643d1e4dbed91361cf5e36e53c1f8c96",
                "sha256:d5c32c82990e4ac4d8150fd7652b972216b204de4e83a122546dce571c1bdf25",
                "sha256:d8d07d102f17b68966e2de0e07bfd6e139c7c02ef06d3a0f8d2f0f055e13bb76",
                "sha256:e46fba844f4895b36f4c398c5af062a9808d1f26b2999c58909517384d5deda2",
                "sha256:e6b5460dc5ad42ad2b36cca524491dfcaffbfd9c8df50508bddc354e787b8dc2",
                "sha256:f040bcc6725c821a4c0665f3aa96a4d0805a7aaf2caf266d256b8ed71b9f041c",
                "sha256:f0b059678fd549c66b89bed03efcabb009075bd131c248ecdf087bdb6faba24a",
                "sha256:fcbb48a93e8699eae920f8d92f7160c03567b421bc17362a9ffbbd706a816f71"
            ],
            "version": "==1.6.3"
        }
    },
    "develop": {
        "autopep8": {
            "hashes": [
                "sha256:d21d3901cb0da6ebd1e83fc9b0dfbde8b46afc2ede4fe32fbda0c7c6118ca094"
            ],
            "index": "pypi",
            "version": "==1.5.4"
        },
        "pycodestyle": {
            "hashes": [
                "sha256:514f76d918fcc0b55c6680472f0a37970994e07bbb80725808c17089be302068",
                "sha256:c389c1d06bf7904078ca03399a4816f974a1d590090fecea0c63ec26ebaf1cef"
            ],
            "version": "==2.7.0"
        },
        "toml": {
            "hashes": [
                "sha256:806143ae5bfb6a3c6e736a764057db0e6a0e05e338b5630894a5f779cabb4f9b",
                "sha256:b3bda1d108d5dd99f4a20d24d9c348e91c4db7ab1b749200bded2f839ccbe68f"
            ],
            "version": "==0.10.2"
        }
    }
}
